
Microsoft Visual Studio Solution File, Format Version 12.00
# Visual Studio Version 17
VisualStudioVersion = 17.13.35931.197 d17.13
MinimumVisualStudioVersion = 10.0.40219.1
Project("{54A90642-561A-4BB1-A94E-469ADEE60C69}") = "ecommerce.client", "ecommerce.client\ecommerce.client.esproj", "{C5CBC310-DF12-5861-CF86-7C3B2D5F68B0}"
EndProject
Project("{FAE04EC0-301F-11D3-BF4B-00C04F79EFBC}") = "ECommerce.Server", "ECommerce.Server\ECommerce.Server.csproj", "{E6169B5E-011D-435F-BF14-002B5443F0DE}"
EndProject
Global
	GlobalSection(SolutionConfigurationPlatforms) = preSolution
		Debug|Any CPU = Debug|Any CPU
		Release|Any CPU = Release|Any CPU
	EndGlobalSection
	GlobalSection(ProjectConfigurationPlatforms) = postSolution
		{C5CBC310-DF12-5861-CF86-7C3B2D5F68B0}.Debug|Any CPU.ActiveCfg = Debug|Any CPU
		{C5CBC310-DF12-5861-CF86-7C3B2D5F68B0}.Debug|Any CPU.Build.0 = Debug|Any CPU
		{C5CBC310-DF12-5861-CF86-7C3B2D5F68B0}.Debug|Any CPU.Deploy.0 = Debug|Any CPU
		{C5CBC310-DF12-5861-CF86-7C3B2D5F68B0}.Release|Any CPU.ActiveCfg = Release|Any CPU
		{C5CBC310-DF12-5861-CF86-7C3B2D5F68B0}.Release|Any CPU.Build.0 = Release|Any CPU
		{C5CBC310-DF12-5861-CF86-7C3B2D5F68B0}.Release|Any CPU.Deploy.0 = Release|Any CPU
		{E6169B5E-011D-435F-BF14-002B5443F0DE}.Debug|Any CPU.ActiveCfg = Debug|Any CPU
		{E6169B5E-011D-435F-BF14-002B5443F0DE}.Debug|Any CPU.Build.0 = Debug|Any CPU
		{E6169B5E-011D-435F-BF14-002B5443F0DE}.Release|Any CPU.ActiveCfg = Release|Any CPU
		{E6169B5E-011D-435F-BF14-002B5443F0DE}.Release|Any CPU.Build.0 = Release|Any CPU
	EndGlobalSection
	GlobalSection(SolutionProperties) = preSolution
		HideSolutionNode = FALSE
	EndGlobalSection
	GlobalSection(ExtensibilityGlobals) = postSolution
		SolutionGuid = {2208CE36-597D-47D2-BC64-7EA4F17D8643}
	EndGlobalSection
EndGlobal
